
Microsoft Visual Studio Solution File, Format Version 12.00
# Visual Studio Version 17
VisualStudioVersion = 17.2.32516.85
MinimumVisualStudioVersion = 10.0.40219.1
Project("{9A19103F-16F7-4668-BE54-9A1E7A4F7556}") = "Alvineer.Blazor", "Alvineer.Blazor\Alvineer.Blazor.csproj", "{E548CF55-6AE6-423C-81D6-77C402954B9D}"
EndProject
Global
	GlobalSection(SolutionConfigurationPlatforms) = preSolution
		Debug|Any CPU = Debug|Any CPU
		Release|Any CPU = Release|Any CPU
	EndGlobalSection
	GlobalSection(ProjectConfigurationPlatforms) = postSolution
		{E548CF55-6AE6-423C-81D6-77C402954B9D}.Debug|Any CPU.ActiveCfg = Debug|Any CPU
		{E548CF55-6AE6-423C-81D6-77C402954B9D}.Debug|Any CPU.Build.0 = Debug|Any CPU
		{E548CF55-6AE6-423C-81D6-77C402954B9D}.Release|Any CPU.ActiveCfg = Release|Any CPU
		{E548CF55-6AE6-423C-81D6-77C402954B9D}.Release|Any CPU.Build.0 = Release|Any CPU
	EndGlobalSection
	GlobalSection(SolutionProperties) = preSolution
		HideSolutionNode = FALSE
	EndGlobalSection
	GlobalSection(ExtensibilityGlobals) = postSolution
		SolutionGuid = {FE46C8A3-738E-45E2-A60A-257007D5EEA9}
	EndGlobalSection
EndGlobal
